
Microsoft Visual Studio Solution File, Format Version 12.00
# Visual Studio Version 16
VisualStudioVersion = 16.0.29215.179
MinimumVisualStudioVersion = 10.0.40219.1
Project("{FAE04EC0-301F-11D3-BF4B-00C04F79EFBC}") = "Samples.HashService", "Samples.HashService\Samples.HashService.csproj", "{A036DC80-6E07-4FE1-B57B-AEFA0BA0EE3C}"
EndProject
Global
	GlobalSection(SolutionConfigurationPlatforms) = preSolution
		Debug|Any CPU = Debug|Any CPU
		Release|Any CPU = Release|Any CPU
	EndGlobalSection
	GlobalSection(ProjectConfigurationPlatforms) = postSolution
		{A036DC80-6E07-4FE1-B57B-AEFA0BA0EE3C}.Debug|Any CPU.ActiveCfg = Debug|Any CPU
		{A036DC80-6E07-4FE1-B57B-AEFA0BA0EE3C}.Debug|Any CPU.Build.0 = Debug|Any CPU
		{A036DC80-6E07-4FE1-B57B-AEFA0BA0EE3C}.Release|Any CPU.ActiveCfg = Release|Any CPU
		{A036DC80-6E07-4FE1-B57B-AEFA0BA0EE3C}.Release|Any CPU.Build.0 = Release|Any CPU
	EndGlobalSection
	GlobalSection(SolutionProperties) = preSolution
		HideSolutionNode = FALSE
	EndGlobalSection
	GlobalSection(ExtensibilityGlobals) = postSolution
		SolutionGuid = {963709E4-397A-43FB-8037-0EB3F9004788}
	EndGlobalSection
EndGlobal
